// !$*UTF8*$!
{
	archiveVersion = 1;
	classes = {
	};
	objectVersion = 42;
	objects = {

/* Begin PBXAggregateTarget section */
		F86249AA0B7D489200A094C0 /* Install Schema */ = {
			isa = PBXAggregateTarget;
			buildConfigurationList = F86249B50B7D48DE00A094C0 /* Build configuration list for PBXAggregateTarget "Install Schema" */;
			buildPhases = (
				F86249A90B7D489200A094C0 /* CopyFiles */,
			);
			dependencies = (
			);
			name = "Install Schema";
			productName = "Install Schema";
		};
/* End PBXAggregateTarget section */

/* Begin PBXBuildFile section */
		5A08A9540729C81600F70D60 /* SyncDataClass.tiff in Resources */ = {isa = PBXBuildFile; fileRef = 5A08A94E0729C81600F70D60 /* SyncDataClass.tiff */; };
		5A08A9660729C81D00F70D60 /* Schema-strings.m in Sources */ = {isa = PBXBuildFile; fileRef = 5A08A95D0729C81D00F70D60 /* Schema-strings.m */; };
		5A08A9770729C83A00F70D60 /* Schema.strings in Resources */ = {isa = PBXBuildFile; fileRef = 5A08A9740729C83A00F70D60 /* Schema.strings */; };
		5AA81A61067145AD002E4978 /* Schema.plist in Resources */ = {isa = PBXBuildFile; fileRef = 5AA81A60067145AD002E4978 /* Schema.plist */; };
		5AEAB1D9072D8CEB000A3587 /* Foundation.framework in Frameworks */ = {isa = PBXBuildFile; fileRef = 5A73157F072D6ED900F51B4F /* Foundation.framework */; };
		F86249AC0B7D489C00A094C0 /* PeopleSchemaExtension.syncschema in CopyFiles */ = {isa = PBXBuildFile; fileRef = 8D5B49B6048680CD000E48DA /* PeopleSchemaExtension.syncschema */; };
/* End PBXBuildFile section */

/* Begin PBXCopyFilesBuildPhase section */
		F86249A90B7D489200A094C0 /* CopyFiles */ = {
			isa = PBXCopyFilesBuildPhase;
			buildActionMask = 8;
			dstPath = /Library/SyncServices/Schemas;
			dstSubfolderSpec = 0;
			files = (
				F86249AC0B7D489C00A094C0 /* PeopleSchemaExtension.syncschema in CopyFiles */,
			);
			runOnlyForDeploymentPostprocessing = 1;
		};
/* End PBXCopyFilesBuildPhase section */

/* Begin PBXFileReference section */
		5A08A94E0729C81600F70D60 /* SyncDataClass.tiff */ = {isa = PBXFileReference; lastKnownFileType = image.tiff; path = SyncDataClass.tiff; sourceTree = SOURCE_ROOT; };
		5A08A9580729C81D00F70D60 /* Schema-strings.h */ = {isa = PBXFileReference; fileEncoding = 30; lastKnownFileType = sourcecode.c.h; path = "Schema-strings.h"; sourceTree = SOURCE_ROOT; };
		5A08A95D0729C81D00F70D60 /* Schema-strings.m */ = {isa = PBXFileReference; fileEncoding = 30; lastKnownFileType = sourcecode.c.objc; path = "Schema-strings.m"; sourceTree = SOURCE_ROOT; };
		5A08A9680729C82200F70D60 /* English */ = {isa = PBXFileReference; fileEncoding = 10; lastKnownFileType = text.plist.strings; name = English; path = English.lproj/Schema.strings; sourceTree = SOURCE_ROOT; };
		5A5A71900674E7A100E5A5E1 /* Info.plist */ = {isa = PBXFileReference; fileEncoding = 30; lastKnownFileType = text.xml; path = Info.plist; sourceTree = "<group>"; };
		5A73157F072D6ED900F51B4F /* Foundation.framework */ = {isa = PBXFileReference; lastKnownFileType = wrapper.framework; name = Foundation.framework; path = /System/Library/Frameworks/Foundation.framework; sourceTree = "<absolute>"; };
		5A731589072D787F00F51B4F /* PeopleSchemaExtension_Prefix.pch */ = {isa = PBXFileReference; fileEncoding = 30; lastKnownFileType = sourcecode.c.h; path = PeopleSchemaExtension_Prefix.pch; sourceTree = SOURCE_ROOT; };
		5AA81A60067145AD002E4978 /* Schema.plist */ = {isa = PBXFileReference; explicitFileType = text.xml; path = Schema.plist; sourceTree = "<group>"; };
		8D5B49B6048680CD000E48DA /* PeopleSchemaExtension.syncschema */ = {isa = PBXFileReference; explicitFileType = wrapper.cfbundle; includeInIndex = 0; path = PeopleSchemaExtension.syncschema; sourceTree = BUILT_PRODUCTS_DIR; };
/* End PBXFileReference section */

/* Begin PBXFrameworksBuildPhase section */
		8D5B49B3048680CD000E48DA /* Frameworks */ = {
			isa = PBXFrameworksBuildPhase;
			buildActionMask = 2147483647;
			files = (
				5AEAB1D9072D8CEB000A3587 /* Foundation.framework in Frameworks */,
			);
			runOnlyForDeploymentPostprocessing = 0;
		};
/* End PBXFrameworksBuildPhase section */

/* Begin PBXGroup section */
		089C166AFE841209C02AAC07 /* PeopleSchemaExtension */ = {
			isa = PBXGroup;
			children = (
				5AEAAE81072D7DF3000A3587 /* Sources */,
				5A5A71900674E7A100E5A5E1 /* Info.plist */,
				5A5A718B0674E78700E5A5E1 /* Resources */,
				5A73157A072D6EBD00F51B4F /* Frameworks */,
				19C28FB8FE9D52D311CA2CBB /* Products */,
			);
			name = PeopleSchemaExtension;
			sourceTree = "<group>";
		};
		19C28FB8FE9D52D311CA2CBB /* Products */ = {
			isa = PBXGroup;
			children = (
				8D5B49B6048680CD000E48DA /* PeopleSchemaExtension.syncschema */,
			);
			name = Products;
			sourceTree = "<group>";
		};
		5A5A718B0674E78700E5A5E1 /* Resources */ = {
			isa = PBXGroup;
			children = (
				5AA81A60067145AD002E4978 /* Schema.plist */,
				5A08A9740729C83A00F70D60 /* Schema.strings */,
				5A08A94E0729C81600F70D60 /* SyncDataClass.tiff */,
			);
			name = Resources;
			sourceTree = "<group>";
		};
		5A73157A072D6EBD00F51B4F /* Frameworks */ = {
			isa = PBXGroup;
			children = (
				5AEAAE9B072D7E4B000A3587 /* Linked Frameworks */,
			);
			name = Frameworks;
			sourceTree = "<group>";
		};
		5AEAAE81072D7DF3000A3587 /* Sources */ = {
			isa = PBXGroup;
			children = (
				5A731589072D787F00F51B4F /* PeopleSchemaExtension_Prefix.pch */,
				5A08A9580729C81D00F70D60 /* Schema-strings.h */,
				5A08A95D0729C81D00F70D60 /* Schema-strings.m */,
			);
			name = Sources;
			sourceTree = "<group>";
		};
		5AEAAE9B072D7E4B000A3587 /* Linked Frameworks */ = {
			isa = PBXGroup;
			children = (
				5A73157F072D6ED900F51B4F /* Foundation.framework */,
			);
			name = "Linked Frameworks";
			sourceTree = "<group>";
		};
/* End PBXGroup section */

/* Begin PBXNativeTarget section */
		8D5B49AC048680CD000E48DA /* PeopleSchemaExtension */ = {
			isa = PBXNativeTarget;
			buildConfigurationList = 5AE1077508A96056006FCEC0 /* Build configuration list for PBXNativeTarget "PeopleSchemaExtension" */;
			buildPhases = (
				8D5B49AF048680CD000E48DA /* Resources */,
				8D5B49B1048680CD000E48DA /* Sources */,
				8D5B49B3048680CD000E48DA /* Frameworks */,
			);
			buildRules = (
			);
			dependencies = (
			);
			name = PeopleSchemaExtension;
			productInstallPath = "$(HOME)/Library/Bundles";
			productName = PeopleSchemaExtension;
			productReference = 8D5B49B6048680CD000E48DA /* PeopleSchemaExtension.syncschema */;
			productType = "com.apple.product-type.bundle";
		};
/* End PBXNativeTarget section */

/* Begin PBXProject section */
		089C1669FE841209C02AAC07 /* Project object */ = {
			isa = PBXProject;
			buildConfigurationList = 5AE1077908A96056006FCEC0 /* Build configuration list for PBXProject "PeopleSchemaExtension" */;
			compatibilityVersion = "Xcode 3.0";
			hasScannedForEncodings = 1;
			mainGroup = 089C166AFE841209C02AAC07 /* PeopleSchemaExtension */;
			projectDirPath = "";
			projectRoot = "";
			shouldCheckCompatibility = 1;
			targets = (
				8D5B49AC048680CD000E48DA /* PeopleSchemaExtension */,
				F86249AA0B7D489200A094C0 /* Install Schema */,
			);
		};
/* End PBXProject section */

/* Begin PBXResourcesBuildPhase section */
		8D5B49AF048680CD000E48DA /* Resources */ = {
			isa = PBXResourcesBuildPhase;
			buildActionMask = 2147483647;
			files = (
				5AA81A61067145AD002E4978 /* Schema.plist in Resources */,
				5A08A9540729C81600F70D60 /* SyncDataClass.tiff in Resources */,
				5A08A9770729C83A00F70D60 /* Schema.strings in Resources */,
			);
			runOnlyForDeploymentPostprocessing = 0;
		};
/* End PBXResourcesBuildPhase section */

/* Begin PBXSourcesBuildPhase section */
		8D5B49B1048680CD000E48DA /* Sources */ = {
			isa = PBXSourcesBuildPhase;
			buildActionMask = 2147483647;
			files = (
				5A08A9660729C81D00F70D60 /* Schema-strings.m in Sources */,
			);
			runOnlyForDeploymentPostprocessing = 0;
		};
/* End PBXSourcesBuildPhase section */

/* Begin PBXVariantGroup section */
		5A08A9740729C83A00F70D60 /* Schema.strings */ = {
			isa = PBXVariantGroup;
			children = (
				5A08A9680729C82200F70D60 /* English */,
			);
			name = Schema.strings;
			sourceTree = "<group>";
		};
/* End PBXVariantGroup section */

/* Begin XCBuildConfiguration section */
		5AE1077608A96056006FCEC0 /* Debug */ = {
			isa = XCBuildConfiguration;
			buildSettings = {
				COPY_PHASE_STRIP = NO;
				DEBUG_INFORMATION_FORMAT = dwarf;
				GCC_DYNAMIC_NO_PIC = NO;
				GCC_ENABLE_FIX_AND_CONTINUE = YES;
				GCC_MODEL_TUNING = G5;
				GCC_OPTIMIZATION_LEVEL = 0;
				GCC_PRECOMPILE_PREFIX_HEADER = YES;
				GCC_PREFIX_HEADER = PeopleSchemaExtension_Prefix.pch;
				INFOPLIST_FILE = Info.plist;
				PRODUCT_NAME = PeopleSchemaExtension;
				WRAPPER_EXTENSION = syncschema;
				ZERO_LINK = YES;
			};
			name = Debug;
		};
		5AE1077708A96056006FCEC0 /* Release */ = {
			isa = XCBuildConfiguration;
			buildSettings = {
				ARCHS = (
					x86_64,
					ppc64,
					i386,
					ppc,
				);
				DEBUG_INFORMATION_FORMAT = "dwarf-with-dsym";
				DSTROOT = "/tmp/$(PROJECT_NAME).dst";
				GCC_GENERATE_DEBUGGING_SYMBOLS = NO;
				GCC_MODEL_TUNING = G5;
				GCC_PRECOMPILE_PREFIX_HEADER = YES;
				GCC_PREFIX_HEADER = PeopleSchemaExtension_Prefix.pch;
				INFOPLIST_FILE = Info.plist;
				INSTALL_PATH = /Library/SyncServices/Schemas;
				PRODUCT_NAME = PeopleSchemaExtension;
				SDKROOT = /Developer/SDKs/MacOSX10.5.sdk;
				SKIP_INSTALL = NO;
				WRAPPER_EXTENSION = syncschema;
			};
			name = Release;
		};
		5AE1077A08A96056006FCEC0 /* Debug */ = {
			isa = XCBuildConfiguration;
			buildSettings = {
				GCC_WARN_ABOUT_RETURN_TYPE = YES;
				GCC_WARN_UNUSED_VARIABLE = YES;
				PREBINDING = NO;
				SDKROOT = /Developer/SDKs/MacOSX10.4u.sdk;
			};
			name = Debug;
		};
		5AE1077B08A96056006FCEC0 /* Release */ = {
			isa = XCBuildConfiguration;
			buildSettings = {
				GCC_WARN_ABOUT_RETURN_TYPE = YES;
				GCC_WARN_UNUSED_VARIABLE = YES;
				PREBINDING = NO;
				SDKROOT = /Developer/SDKs/MacOSX10.4u.sdk;
			};
			name = Release;
		};
		F86249B60B7D48DE00A094C0 /* Debug */ = {
			isa = XCBuildConfiguration;
			buildSettings = {
				COPY_PHASE_STRIP = NO;
				GCC_DYNAMIC_NO_PIC = NO;
				GCC_OPTIMIZATION_LEVEL = 0;
				PRODUCT_NAME = "Install Schema";
			};
			name = Debug;
		};
		F86249B70B7D48DE00A094C0 /* Release */ = {
			isa = XCBuildConfiguration;
			buildSettings = {
				COPY_PHASE_STRIP = YES;
				DEBUG_INFORMATION_FORMAT = "dwarf-with-dsym";
				GCC_ENABLE_FIX_AND_CONTINUE = NO;
				PRODUCT_NAME = "Install Schema";
				ZERO_LINK = NO;
			};
			name = Release;
		};
/* End XCBuildConfiguration section */

/* Begin XCConfigurationList section */
		5AE1077508A96056006FCEC0 /* Build configuration list for PBXNativeTarget "PeopleSchemaExtension" */ = {
			isa = XCConfigurationList;
			buildConfigurations = (
				5AE1077608A96056006FCEC0 /* Debug */,
				5AE1077708A96056006FCEC0 /* Release */,
			);
			defaultConfigurationIsVisible = 0;
			defaultConfigurationName = Release;
		};
		5AE1077908A96056006FCEC0 /* Build configuration list for PBXProject "PeopleSchemaExtension" */ = {
			isa = XCConfigurationList;
			buildConfigurations = (
				5AE1077A08A96056006FCEC0 /* Debug */,
				5AE1077B08A96056006FCEC0 /* Release */,
			);
			defaultConfigurationIsVisible = 0;
			defaultConfigurationName = Release;
		};
		F86249B50B7D48DE00A094C0 /* Build configuration list for PBXAggregateTarget "Install Schema" */ = {
			isa = XCConfigurationList;
			buildConfigurations = (
				F86249B60B7D48DE00A094C0 /* Debug */,
				F86249B70B7D48DE00A094C0 /* Release */,
			);
			defaultConfigurationIsVisible = 0;
			defaultConfigurationName = Release;
		};
/* End XCConfigurationList section */
	};
	rootObject = 089C1669FE841209C02AAC07 /* Project object */;
}
